
Microsoft Visual Studio Solution File, Format Version 12.00
# Visual Studio Version 17
VisualStudioVersion = 17.12.35527.113 d17.12
MinimumVisualStudioVersion = 10.0.40219.1
Project("{FAE04EC0-301F-11D3-BF4B-00C04F79EFBC}") = "EzConDo_Service", "EzConDo_Service.csproj", "{5C20584C-23D1-433F-A6CA-B1D35B344089}"
EndProject
Project("{FAE04EC0-301F-11D3-BF4B-00C04F79EFBC}") = "EzCondo_Data", "..\Data\EzCondo_Data.csproj", "{36BB8D8D-EE2E-4276-B6EA-CCDA6FCFD57C}"
EndProject
Project("{FAE04EC0-301F-11D3-BF4B-00C04F79EFBC}") = "EzCondo_API", "..\EzCondo_API\EzCondo_API.csproj", "{D31F996C-842E-48F3-86A9-51AEF612396E}"
EndProject
Global
	GlobalSection(SolutionConfigurationPlatforms) = preSolution
		Debug|Any CPU = Debug|Any CPU
		Release|Any CPU = Release|Any CPU
	EndGlobalSection
	GlobalSection(ProjectConfigurationPlatforms) = postSolution
		{5C20584C-23D1-433F-A6CA-B1D35B344089}.Debug|Any CPU.ActiveCfg = Debug|Any CPU
		{5C20584C-23D1-433F-A6CA-B1D35B344089}.Debug|Any CPU.Build.0 = Debug|Any CPU
		{5C20584C-23D1-433F-A6CA-B1D35B344089}.Release|Any CPU.ActiveCfg = Release|Any CPU
		{5C20584C-23D1-433F-A6CA-B1D35B344089}.Release|Any CPU.Build.0 = Release|Any CPU
		{36BB8D8D-EE2E-4276-B6EA-CCDA6FCFD57C}.Debug|Any CPU.ActiveCfg = Debug|Any CPU
		{36BB8D8D-EE2E-4276-B6EA-CCDA6FCFD57C}.Debug|Any CPU.Build.0 = Debug|Any CPU
		{36BB8D8D-EE2E-4276-B6EA-CCDA6FCFD57C}.Release|Any CPU.ActiveCfg = Release|Any CPU
		{36BB8D8D-EE2E-4276-B6EA-CCDA6FCFD57C}.Release|Any CPU.Build.0 = Release|Any CPU
		{D31F996C-842E-48F3-86A9-51AEF612396E}.Debug|Any CPU.ActiveCfg = Debug|Any CPU
		{D31F996C-842E-48F3-86A9-51AEF612396E}.Debug|Any CPU.Build.0 = Debug|Any CPU
		{D31F996C-842E-48F3-86A9-51AEF612396E}.Release|Any CPU.ActiveCfg = Release|Any CPU
		{D31F996C-842E-48F3-86A9-51AEF612396E}.Release|Any CPU.Build.0 = Release|Any CPU
	EndGlobalSection
	GlobalSection(SolutionProperties) = preSolution
		HideSolutionNode = FALSE
	EndGlobalSection
EndGlobal
